
Microsoft Visual Studio Solution File, Format Version 12.00
Project("{FAE04EC0-301F-11D3-BF4B-00C04F79EFBC}") = "Lab12", "Lab12.csproj", "{601C86A0-251B-4EBB-86AC-943E10E5C2CC}"
EndProject
Global
	GlobalSection(SolutionConfigurationPlatforms) = preSolution
		Debug|Any CPU = Debug|Any CPU
		Release|Any CPU = Release|Any CPU
	EndGlobalSection
	GlobalSection(ProjectConfigurationPlatforms) = postSolution
		{601C86A0-251B-4EBB-86AC-943E10E5C2CC}.Debug|Any CPU.ActiveCfg = Debug|Any CPU
		{601C86A0-251B-4EBB-86AC-943E10E5C2CC}.Debug|Any CPU.Build.0 = Debug|Any CPU
		{601C86A0-251B-4EBB-86AC-943E10E5C2CC}.Release|Any CPU.ActiveCfg = Release|Any CPU
		{601C86A0-251B-4EBB-86AC-943E10E5C2CC}.Release|Any CPU.Build.0 = Release|Any CPU
	EndGlobalSection
EndGlobal
