
Microsoft Visual Studio Solution File, Format Version 12.00
Project("{FAE04EC0-301F-11D3-BF4B-00C04F79EFBC}") = "Lab8.1", "Lab8.1.csproj", "{772D29E8-09F5-4604-9B67-32AE1471E3AB}"
EndProject
Global
	GlobalSection(SolutionConfigurationPlatforms) = preSolution
		Debug|Any CPU = Debug|Any CPU
		Release|Any CPU = Release|Any CPU
	EndGlobalSection
	GlobalSection(ProjectConfigurationPlatforms) = postSolution
		{772D29E8-09F5-4604-9B67-32AE1471E3AB}.Debug|Any CPU.ActiveCfg = Debug|Any CPU
		{772D29E8-09F5-4604-9B67-32AE1471E3AB}.Debug|Any CPU.Build.0 = Debug|Any CPU
		{772D29E8-09F5-4604-9B67-32AE1471E3AB}.Release|Any CPU.ActiveCfg = Release|Any CPU
		{772D29E8-09F5-4604-9B67-32AE1471E3AB}.Release|Any CPU.Build.0 = Release|Any CPU
	EndGlobalSection
EndGlobal
