
Microsoft Visual Studio Solution File, Format Version 12.00
Project("{FAE04EC0-301F-11D3-BF4B-00C04F79EFBC}") = "Lab7.3", "Lab7.3\Lab7.3.csproj", "{FF492B1D-7DFB-4D5E-A6D1-DA33DD3A1EB0}"
EndProject
Global
	GlobalSection(SolutionConfigurationPlatforms) = preSolution
		Debug|Any CPU = Debug|Any CPU
		Release|Any CPU = Release|Any CPU
	EndGlobalSection
	GlobalSection(ProjectConfigurationPlatforms) = postSolution
		{FF492B1D-7DFB-4D5E-A6D1-DA33DD3A1EB0}.Debug|Any CPU.ActiveCfg = Debug|Any CPU
		{FF492B1D-7DFB-4D5E-A6D1-DA33DD3A1EB0}.Debug|Any CPU.Build.0 = Debug|Any CPU
		{FF492B1D-7DFB-4D5E-A6D1-DA33DD3A1EB0}.Release|Any CPU.ActiveCfg = Release|Any CPU
		{FF492B1D-7DFB-4D5E-A6D1-DA33DD3A1EB0}.Release|Any CPU.Build.0 = Release|Any CPU
	EndGlobalSection
EndGlobal
