
Microsoft Visual Studio Solution File, Format Version 12.00
Project("{FAE04EC0-301F-11D3-BF4B-00C04F79EFBC}") = "Lab1.3", "Lab1.3\Lab1.3.csproj", "{375C57B4-551D-4685-B0A3-6F2DFC7B8FCF}"
EndProject
Global
	GlobalSection(SolutionConfigurationPlatforms) = preSolution
		Debug|Any CPU = Debug|Any CPU
		Release|Any CPU = Release|Any CPU
	EndGlobalSection
	GlobalSection(ProjectConfigurationPlatforms) = postSolution
		{375C57B4-551D-4685-B0A3-6F2DFC7B8FCF}.Debug|Any CPU.ActiveCfg = Debug|Any CPU
		{375C57B4-551D-4685-B0A3-6F2DFC7B8FCF}.Debug|Any CPU.Build.0 = Debug|Any CPU
		{375C57B4-551D-4685-B0A3-6F2DFC7B8FCF}.Release|Any CPU.ActiveCfg = Release|Any CPU
		{375C57B4-551D-4685-B0A3-6F2DFC7B8FCF}.Release|Any CPU.Build.0 = Release|Any CPU
	EndGlobalSection
EndGlobal
