
Microsoft Visual Studio Solution File, Format Version 12.00
Project("{FAE04EC0-301F-11D3-BF4B-00C04F79EFBC}") = "Lab7", "Lab7.csproj", "{149E1128-072A-487F-BDE1-5137FBE82A8B}"
EndProject
Global
	GlobalSection(SolutionConfigurationPlatforms) = preSolution
		Debug|Any CPU = Debug|Any CPU
		Release|Any CPU = Release|Any CPU
	EndGlobalSection
	GlobalSection(ProjectConfigurationPlatforms) = postSolution
		{149E1128-072A-487F-BDE1-5137FBE82A8B}.Debug|Any CPU.ActiveCfg = Debug|Any CPU
		{149E1128-072A-487F-BDE1-5137FBE82A8B}.Debug|Any CPU.Build.0 = Debug|Any CPU
		{149E1128-072A-487F-BDE1-5137FBE82A8B}.Release|Any CPU.ActiveCfg = Release|Any CPU
		{149E1128-072A-487F-BDE1-5137FBE82A8B}.Release|Any CPU.Build.0 = Release|Any CPU
	EndGlobalSection
EndGlobal
